// !$*UTF8*$!
{
	archiveVersion = 1;
	classes = {
	};
	objectVersion = 56;
	objects = {

/* Begin PBXBuildFile section */
		C1A1B9C12B21093A00E5DEAA /* velocity.cpp in Sources */ = {isa = PBXBuildFile; fileRef = C1A1B9B62B21093A00E5DEAA /* velocity.cpp */; };
		C1A1B9C22B21093A00E5DEAA /* acceleration.cpp in Sources */ = {isa = PBXBuildFile; fileRef = C1A1B9B72B21093A00E5DEAA /* acceleration.cpp */; };
		C1A1B9C32B21093A00E5DEAA /* position.cpp in Sources */ = {isa = PBXBuildFile; fileRef = C1A1B9B92B21093A00E5DEAA /* position.cpp */; };
		C1A1B9C42B21093A00E5DEAA /* angle.cpp in Sources */ = {isa = PBXBuildFile; fileRef = C1A1B9BC2B21093A00E5DEAA /* angle.cpp */; };
		C1A1B9C52B21093A00E5DEAA /* main.cpp in Sources */ = {isa = PBXBuildFile; fileRef = C1A1B9BF2B21093A00E5DEAA /* main.cpp */; };
		C1A1B9C62B21093A00E5DEAA /* test.cpp in Sources */ = {isa = PBXBuildFile; fileRef = C1A1B9C02B21093A00E5DEAA /* test.cpp */; };
/* End PBXBuildFile section */

/* Begin PBXCopyFilesBuildPhase section */
		C1EC4EFE2B20E6AC00CE037E /* CopyFiles */ = {
			isa = PBXCopyFilesBuildPhase;
			buildActionMask = 2147483647;
			dstPath = /usr/share/man/man1/;
			dstSubfolderSpec = 0;
			files = (
			);
			runOnlyForDeploymentPostprocessing = 1;
		};
/* End PBXCopyFilesBuildPhase section */

/* Begin PBXFileReference section */
		C1A1B9B12B21093900E5DEAA /* test.h */ = {isa = PBXFileReference; fileEncoding = 4; lastKnownFileType = sourcecode.c.h; path = test.h; sourceTree = "<group>"; };
		C1A1B9B22B21093A00E5DEAA /* testAngle.h */ = {isa = PBXFileReference; fileEncoding = 4; lastKnownFileType = sourcecode.c.h; path = testAngle.h; sourceTree = "<group>"; };
		C1A1B9B32B21093A00E5DEAA /* position.h */ = {isa = PBXFileReference; fileEncoding = 4; lastKnownFileType = sourcecode.c.h; path = position.h; sourceTree = "<group>"; };
		C1A1B9B42B21093A00E5DEAA /* velocity.h */ = {isa = PBXFileReference; fileEncoding = 4; lastKnownFileType = sourcecode.c.h; path = velocity.h; sourceTree = "<group>"; };
		C1A1B9B52B21093A00E5DEAA /* angle.h */ = {isa = PBXFileReference; fileEncoding = 4; lastKnownFileType = sourcecode.c.h; path = angle.h; sourceTree = "<group>"; };
		C1A1B9B62B21093A00E5DEAA /* velocity.cpp */ = {isa = PBXFileReference; fileEncoding = 4; lastKnownFileType = sourcecode.cpp.cpp; path = velocity.cpp; sourceTree = "<group>"; };
		C1A1B9B72B21093A00E5DEAA /* acceleration.cpp */ = {isa = PBXFileReference; fileEncoding = 4; lastKnownFileType = sourcecode.cpp.cpp; path = acceleration.cpp; sourceTree = "<group>"; };
		C1A1B9B82B21093A00E5DEAA /* acceleration.h */ = {isa = PBXFileReference; fileEncoding = 4; lastKnownFileType = sourcecode.c.h; path = acceleration.h; sourceTree = "<group>"; };
		C1A1B9B92B21093A00E5DEAA /* position.cpp */ = {isa = PBXFileReference; fileEncoding = 4; lastKnownFileType = sourcecode.cpp.cpp; path = position.cpp; sourceTree = "<group>"; };
		C1A1B9BA2B21093A00E5DEAA /* testVelocity.h */ = {isa = PBXFileReference; fileEncoding = 4; lastKnownFileType = sourcecode.c.h; path = testVelocity.h; sourceTree = "<group>"; };
		C1A1B9BB2B21093A00E5DEAA /* unitTest.h */ = {isa = PBXFileReference; fileEncoding = 4; lastKnownFileType = sourcecode.c.h; path = unitTest.h; sourceTree = "<group>"; };
		C1A1B9BC2B21093A00E5DEAA /* angle.cpp */ = {isa = PBXFileReference; fileEncoding = 4; lastKnownFileType = sourcecode.cpp.cpp; path = angle.cpp; sourceTree = "<group>"; };
		C1A1B9BD2B21093A00E5DEAA /* testPosition.h */ = {isa = PBXFileReference; fileEncoding = 4; lastKnownFileType = sourcecode.c.h; path = testPosition.h; sourceTree = "<group>"; };
		C1A1B9BE2B21093A00E5DEAA /* testAcceleration.h */ = {isa = PBXFileReference; fileEncoding = 4; lastKnownFileType = sourcecode.c.h; path = testAcceleration.h; sourceTree = "<group>"; };
		C1A1B9BF2B21093A00E5DEAA /* main.cpp */ = {isa = PBXFileReference; fileEncoding = 4; lastKnownFileType = sourcecode.cpp.cpp; path = main.cpp; sourceTree = "<group>"; };
		C1A1B9C02B21093A00E5DEAA /* test.cpp */ = {isa = PBXFileReference; fileEncoding = 4; lastKnownFileType = sourcecode.cpp.cpp; path = test.cpp; sourceTree = "<group>"; };
		C1EC4F002B20E6AC00CE037E /* Lab09 */ = {isa = PBXFileReference; explicitFileType = "compiled.mach-o.executable"; includeInIndex = 0; path = Lab09; sourceTree = BUILT_PRODUCTS_DIR; };
/* End PBXFileReference section */

/* Begin PBXFrameworksBuildPhase section */
		C1EC4EFD2B20E6AC00CE037E /* Frameworks */ = {
			isa = PBXFrameworksBuildPhase;
			buildActionMask = 2147483647;
			files = (
			);
			runOnlyForDeploymentPostprocessing = 0;
		};
/* End PBXFrameworksBuildPhase section */

/* Begin PBXGroup section */
		C1EC4EF72B20E6AC00CE037E = {
			isa = PBXGroup;
			children = (
				C1A1B9B72B21093A00E5DEAA /* acceleration.cpp */,
				C1A1B9B82B21093A00E5DEAA /* acceleration.h */,
				C1A1B9BC2B21093A00E5DEAA /* angle.cpp */,
				C1A1B9B52B21093A00E5DEAA /* angle.h */,
				C1A1B9BF2B21093A00E5DEAA /* main.cpp */,
				C1A1B9B92B21093A00E5DEAA /* position.cpp */,
				C1A1B9B32B21093A00E5DEAA /* position.h */,
				C1A1B9C02B21093A00E5DEAA /* test.cpp */,
				C1A1B9B12B21093900E5DEAA /* test.h */,
				C1A1B9BE2B21093A00E5DEAA /* testAcceleration.h */,
				C1A1B9B22B21093A00E5DEAA /* testAngle.h */,
				C1A1B9BD2B21093A00E5DEAA /* testPosition.h */,
				C1A1B9BA2B21093A00E5DEAA /* testVelocity.h */,
				C1A1B9BB2B21093A00E5DEAA /* unitTest.h */,
				C1A1B9B62B21093A00E5DEAA /* velocity.cpp */,
				C1A1B9B42B21093A00E5DEAA /* velocity.h */,
				C1EC4F012B20E6AC00CE037E /* Products */,
			);
			sourceTree = "<group>";
		};
		C1EC4F012B20E6AC00CE037E /* Products */ = {
			isa = PBXGroup;
			children = (
				C1EC4F002B20E6AC00CE037E /* Lab09 */,
			);
			name = Products;
			sourceTree = "<group>";
		};
/* End PBXGroup section */

/* Begin PBXNativeTarget section */
		C1EC4EFF2B20E6AC00CE037E /* Lab09 */ = {
			isa = PBXNativeTarget;
			buildConfigurationList = C1EC4F072B20E6AC00CE037E /* Build configuration list for PBXNativeTarget "Lab09" */;
			buildPhases = (
				C1EC4EFC2B20E6AC00CE037E /* Sources */,
				C1EC4EFD2B20E6AC00CE037E /* Frameworks */,
				C1EC4EFE2B20E6AC00CE037E /* CopyFiles */,
			);
			buildRules = (
			);
			dependencies = (
			);
			name = Lab09;
			productName = Lab09;
			productReference = C1EC4F002B20E6AC00CE037E /* Lab09 */;
			productType = "com.apple.product-type.tool";
		};
/* End PBXNativeTarget section */

/* Begin PBXProject section */
		C1EC4EF82B20E6AC00CE037E /* Project object */ = {
			isa = PBXProject;
			attributes = {
				BuildIndependentTargetsInParallel = 1;
				LastUpgradeCheck = 1500;
				TargetAttributes = {
					C1EC4EFF2B20E6AC00CE037E = {
						CreatedOnToolsVersion = 15.0.1;
					};
				};
			};
			buildConfigurationList = C1EC4EFB2B20E6AC00CE037E /* Build configuration list for PBXProject "Lab09" */;
			compatibilityVersion = "Xcode 14.0";
			developmentRegion = en;
			hasScannedForEncodings = 0;
			knownRegions = (
				en,
				Base,
			);
			mainGroup = C1EC4EF72B20E6AC00CE037E;
			productRefGroup = C1EC4F012B20E6AC00CE037E /* Products */;
			projectDirPath = "";
			projectRoot = "";
			targets = (
				C1EC4EFF2B20E6AC00CE037E /* Lab09 */,
			);
		};
/* End PBXProject section */

/* Begin PBXSourcesBuildPhase section */
		C1EC4EFC2B20E6AC00CE037E /* Sources */ = {
			isa = PBXSourcesBuildPhase;
			buildActionMask = 2147483647;
			files = (
				C1A1B9C12B21093A00E5DEAA /* velocity.cpp in Sources */,
				C1A1B9C42B21093A00E5DEAA /* angle.cpp in Sources */,
				C1A1B9C22B21093A00E5DEAA /* acceleration.cpp in Sources */,
				C1A1B9C52B21093A00E5DEAA /* main.cpp in Sources */,
				C1A1B9C32B21093A00E5DEAA /* position.cpp in Sources */,
				C1A1B9C62B21093A00E5DEAA /* test.cpp in Sources */,
			);
			runOnlyForDeploymentPostprocessing = 0;
		};
/* End PBXSourcesBuildPhase section */

/* Begin XCBuildConfiguration section */
		C1EC4F052B20E6AC00CE037E /* Debug */ = {
			isa = XCBuildConfiguration;
			buildSettings = {
				ALWAYS_SEARCH_USER_PATHS = NO;
				ASSETCATALOG_COMPILER_GENERATE_SWIFT_ASSET_SYMBOL_EXTENSIONS = YES;
				CLANG_ANALYZER_NONNULL = YES;
				CLANG_ANALYZER_NUMBER_OBJECT_CONVERSION = YES_AGGRESSIVE;
				CLANG_CXX_LANGUAGE_STANDARD = "gnu++20";
				CLANG_ENABLE_MODULES = YES;
				CLANG_ENABLE_OBJC_ARC = YES;
				CLANG_ENABLE_OBJC_WEAK = YES;
				CLANG_WARN_BLOCK_CAPTURE_AUTORELEASING = YES;
				CLANG_WARN_BOOL_CONVERSION = YES;
				CLANG_WARN_COMMA = YES;
				CLANG_WARN_CONSTANT_CONVERSION = YES;
				CLANG_WARN_DEPRECATED_OBJC_IMPLEMENTATIONS = YES;
				CLANG_WARN_DIRECT_OBJC_ISA_USAGE = YES_ERROR;
				CLANG_WARN_DOCUMENTATION_COMMENTS = YES;
				CLANG_WARN_EMPTY_BODY = YES;
				CLANG_WARN_ENUM_CONVERSION = YES;
				CLANG_WARN_INFINITE_RECURSION = YES;
				CLANG_WARN_INT_CONVERSION = YES;
				CLANG_WARN_NON_LITERAL_NULL_CONVERSION = YES;
				CLANG_WARN_OBJC_IMPLICIT_RETAIN_SELF = YES;
				CLANG_WARN_OBJC_LITERAL_CONVERSION = YES;
				CLANG_WARN_OBJC_ROOT_CLASS = YES_ERROR;
				CLANG_WARN_QUOTED_INCLUDE_IN_FRAMEWORK_HEADER = YES;
				CLANG_WARN_RANGE_LOOP_ANALYSIS = YES;
				CLANG_WARN_STRICT_PROTOTYPES = YES;
				CLANG_WARN_SUSPICIOUS_MOVE = YES;
				CLANG_WARN_UNGUARDED_AVAILABILITY = YES_AGGRESSIVE;
				CLANG_WARN_UNREACHABLE_CODE = YES;
				CLANG_WARN__DUPLICATE_METHOD_MATCH = YES;
				COPY_PHASE_STRIP = NO;
				DEBUG_INFORMATION_FORMAT = dwarf;
				ENABLE_STRICT_OBJC_MSGSEND = YES;
				ENABLE_TESTABILITY = YES;
				ENABLE_USER_SCRIPT_SANDBOXING = YES;
				GCC_C_LANGUAGE_STANDARD = gnu17;
				GCC_DYNAMIC_NO_PIC = NO;
				GCC_NO_COMMON_BLOCKS = YES;
				GCC_OPTIMIZATION_LEVEL = 0;
				GCC_PREPROCESSOR_DEFINITIONS = (
					"DEBUG=1",
					"$(inherited)",
				);
				GCC_WARN_64_TO_32_BIT_CONVERSION = YES;
				GCC_WARN_ABOUT_RETURN_TYPE = YES_ERROR;
				GCC_WARN_UNDECLARED_SELECTOR = YES;
				GCC_WARN_UNINITIALIZED_AUTOS = YES_AGGRESSIVE;
				GCC_WARN_UNUSED_FUNCTION = YES;
				GCC_WARN_UNUSED_VARIABLE = YES;
				LOCALIZATION_PREFERS_STRING_CATALOGS = YES;
				MACOSX_DEPLOYMENT_TARGET = 14.0;
				MTL_ENABLE_DEBUG_INFO = INCLUDE_SOURCE;
				MTL_FAST_MATH = YES;
				ONLY_ACTIVE_ARCH = YES;
				SDKROOT = macosx;
			};
			name = Debug;
		};
		C1EC4F062B20E6AC00CE037E /* Release */ = {
			isa = XCBuildConfiguration;
			buildSettings = {
				ALWAYS_SEARCH_USER_PATHS = NO;
				ASSETCATALOG_COMPILER_GENERATE_SWIFT_ASSET_SYMBOL_EXTENSIONS = YES;
				CLANG_ANALYZER_NONNULL = YES;
				CLANG_ANALYZER_NUMBER_OBJECT_CONVERSION = YES_AGGRESSIVE;
				CLANG_CXX_LANGUAGE_STANDARD = "gnu++20";
				CLANG_ENABLE_MODULES = YES;
				CLANG_ENABLE_OBJC_ARC = YES;
				CLANG_ENABLE_OBJC_WEAK = YES;
				CLANG_WARN_BLOCK_CAPTURE_AUTORELEASING = YES;
				CLANG_WARN_BOOL_CONVERSION = YES;
				CLANG_WARN_COMMA = YES;
				CLANG_WARN_CONSTANT_CONVERSION = YES;
				CLANG_WARN_DEPRECATED_OBJC_IMPLEMENTATIONS = YES;
				CLANG_WARN_DIRECT_OBJC_ISA_USAGE = YES_ERROR;
				CLANG_WARN_DOCUMENTATION_COMMENTS = YES;
				CLANG_WARN_EMPTY_BODY = YES;
				CLANG_WARN_ENUM_CONVERSION = YES;
				CLANG_WARN_INFINITE_RECURSION = YES;
				CLANG_WARN_INT_CONVERSION = YES;
				CLANG_WARN_NON_LITERAL_NULL_CONVERSION = YES;
				CLANG_WARN_OBJC_IMPLICIT_RETAIN_SELF = YES;
				CLANG_WARN_OBJC_LITERAL_CONVERSION = YES;
				CLANG_WARN_OBJC_ROOT_CLASS = YES_ERROR;
				CLANG_WARN_QUOTED_INCLUDE_IN_FRAMEWORK_HEADER = YES;
				CLANG_WARN_RANGE_LOOP_ANALYSIS = YES;
				CLANG_WARN_STRICT_PROTOTYPES = YES;
				CLANG_WARN_SUSPICIOUS_MOVE = YES;
				CLANG_WARN_UNGUARDED_AVAILABILITY = YES_AGGRESSIVE;
				CLANG_WARN_UNREACHABLE_CODE = YES;
				CLANG_WARN__DUPLICATE_METHOD_MATCH = YES;
				COPY_PHASE_STRIP = NO;
				DEBUG_INFORMATION_FORMAT = "dwarf-with-dsym";
				ENABLE_NS_ASSERTIONS = NO;
				ENABLE_STRICT_OBJC_MSGSEND = YES;
				ENABLE_USER_SCRIPT_SANDBOXING = YES;
				GCC_C_LANGUAGE_STANDARD = gnu17;
				GCC_NO_COMMON_BLOCKS = YES;
				GCC_WARN_64_TO_32_BIT_CONVERSION = YES;
				GCC_WARN_ABOUT_RETURN_TYPE = YES_ERROR;
				GCC_WARN_UNDECLARED_SELECTOR = YES;
				GCC_WARN_UNINITIALIZED_AUTOS = YES_AGGRESSIVE;
				GCC_WARN_UNUSED_FUNCTION = YES;
				GCC_WARN_UNUSED_VARIABLE = YES;
				LOCALIZATION_PREFERS_STRING_CATALOGS = YES;
				MACOSX_DEPLOYMENT_TARGET = 14.0;
				MTL_ENABLE_DEBUG_INFO = NO;
				MTL_FAST_MATH = YES;
				SDKROOT = macosx;
			};
			name = Release;
		};
		C1EC4F082B20E6AC00CE037E /* Debug */ = {
			isa = XCBuildConfiguration;
			buildSettings = {
				CODE_SIGN_STYLE = Automatic;
				PRODUCT_NAME = "$(TARGET_NAME)";
			};
			name = Debug;
		};
		C1EC4F092B20E6AC00CE037E /* Release */ = {
			isa = XCBuildConfiguration;
			buildSettings = {
				CODE_SIGN_STYLE = Automatic;
				PRODUCT_NAME = "$(TARGET_NAME)";
			};
			name = Release;
		};
/* End XCBuildConfiguration section */

/* Begin XCConfigurationList section */
		C1EC4EFB2B20E6AC00CE037E /* Build configuration list for PBXProject "Lab09" */ = {
			isa = XCConfigurationList;
			buildConfigurations = (
				C1EC4F052B20E6AC00CE037E /* Debug */,
				C1EC4F062B20E6AC00CE037E /* Release */,
			);
			defaultConfigurationIsVisible = 0;
			defaultConfigurationName = Release;
		};
		C1EC4F072B20E6AC00CE037E /* Build configuration list for PBXNativeTarget "Lab09" */ = {
			isa = XCConfigurationList;
			buildConfigurations = (
				C1EC4F082B20E6AC00CE037E /* Debug */,
				C1EC4F092B20E6AC00CE037E /* Release */,
			);
			defaultConfigurationIsVisible = 0;
			defaultConfigurationName = Release;
		};
/* End XCConfigurationList section */
	};
	rootObject = C1EC4EF82B20E6AC00CE037E /* Project object */;
}
